
Microsoft Visual Studio Solution File, Format Version 12.00
# Visual Studio 15
VisualStudioVersion = 15.0.27004.2002
MinimumVisualStudioVersion = 10.0.40219.1
Project("{FAE04EC0-301F-11D3-BF4B-00C04F79EFBC}") = "WSR2017", "WSR2017.csproj", "{E701E060-F210-4615-9159-04EC987BFB0D}"
EndProject
Global
	GlobalSection(SolutionConfigurationPlatforms) = preSolution
		Debug|Any CPU = Debug|Any CPU
		Release|Any CPU = Release|Any CPU
	EndGlobalSection
	GlobalSection(ProjectConfigurationPlatforms) = postSolution
		{E701E060-F210-4615-9159-04EC987BFB0D}.Debug|Any CPU.ActiveCfg = Debug|Any CPU
		{E701E060-F210-4615-9159-04EC987BFB0D}.Debug|Any CPU.Build.0 = Debug|Any CPU
		{E701E060-F210-4615-9159-04EC987BFB0D}.Release|Any CPU.ActiveCfg = Release|Any CPU
		{E701E060-F210-4615-9159-04EC987BFB0D}.Release|Any CPU.Build.0 = Release|Any CPU
	EndGlobalSection
	GlobalSection(SolutionProperties) = preSolution
		HideSolutionNode = FALSE
	EndGlobalSection
	GlobalSection(ExtensibilityGlobals) = postSolution
		SolutionGuid = {F99A25CF-D07A-4AED-86D1-E7DA30351219}
	EndGlobalSection
EndGlobal
